// !$*UTF8*$!
{
	archiveVersion = 1;
	classes = {
	};
	objectVersion = 46;
	objects = {

/* Begin PBXBuildFile section */
		027FF9861B38EF0A0025A1F1 /* main.m in Sources */ = {isa = PBXBuildFile; fileRef = 027FF9851B38EF0A0025A1F1 /* main.m */; };
		027FF9891B38EF0A0025A1F1 /* AppDelegate.m in Sources */ = {isa = PBXBuildFile; fileRef = 027FF9881B38EF0A0025A1F1 /* AppDelegate.m */; };
		027FF98C1B38EF0A0025A1F1 /* ViewController.m in Sources */ = {isa = PBXBuildFile; fileRef = 027FF98B1B38EF0A0025A1F1 /* ViewController.m */; };
		027FF98F1B38EF0A0025A1F1 /* Main.storyboard in Resources */ = {isa = PBXBuildFile; fileRef = 027FF98D1B38EF0A0025A1F1 /* Main.storyboard */; };
		027FF9911B38EF0A0025A1F1 /* Images.xcassets in Resources */ = {isa = PBXBuildFile; fileRef = 027FF9901B38EF0A0025A1F1 /* Images.xcassets */; };
		027FF9941B38EF0A0025A1F1 /* LaunchScreen.xib in Resources */ = {isa = PBXBuildFile; fileRef = 027FF9921B38EF0A0025A1F1 /* LaunchScreen.xib */; };
		027FF9A01B38EF0A0025A1F1 /* ykeTests.m in Sources */ = {isa = PBXBuildFile; fileRef = 027FF99F1B38EF0A0025A1F1 /* ykeTests.m */; };
/* End PBXBuildFile section */

/* Begin PBXContainerItemProxy section */
		027FF99A1B38EF0A0025A1F1 /* PBXContainerItemProxy */ = {
			isa = PBXContainerItemProxy;
			containerPortal = 027FF9781B38EF0A0025A1F1 /* Project object */;
			proxyType = 1;
			remoteGlobalIDString = 027FF97F1B38EF0A0025A1F1;
			remoteInfo = yke;
		};
/* End PBXContainerItemProxy section */

/* Begin PBXFileReference section */
		027FF9801B38EF0A0025A1F1 /* yke.app */ = {isa = PBXFileReference; explicitFileType = wrapper.application; includeInIndex = 0; path = yke.app; sourceTree = BUILT_PRODUCTS_DIR; };
		027FF9841B38EF0A0025A1F1 /* Info.plist */ = {isa = PBXFileReference; lastKnownFileType = text.plist.xml; path = Info.plist; sourceTree = "<group>"; };
		027FF9851B38EF0A0025A1F1 /* main.m */ = {isa = PBXFileReference; lastKnownFileType = sourcecode.c.objc; path = main.m; sourceTree = "<group>"; };
		027FF9871B38EF0A0025A1F1 /* AppDelegate.h */ = {isa = PBXFileReference; lastKnownFileType = sourcecode.c.h; path = AppDelegate.h; sourceTree = "<group>"; };
		027FF9881B38EF0A0025A1F1 /* AppDelegate.m */ = {isa = PBXFileReference; lastKnownFileType = sourcecode.c.objc; path = AppDelegate.m; sourceTree = "<group>"; };
		027FF98A1B38EF0A0025A1F1 /* ViewController.h */ = {isa = PBXFileReference; lastKnownFileType = sourcecode.c.h; path = ViewController.h; sourceTree = "<group>"; };
		027FF98B1B38EF0A0025A1F1 /* ViewController.m */ = {isa = PBXFileReference; lastKnownFileType = sourcecode.c.objc; path = ViewController.m; sourceTree = "<group>"; };
		027FF98E1B38EF0A0025A1F1 /* Base */ = {isa = PBXFileReference; lastKnownFileType = file.storyboard; name = Base; path = Base.lproj/Main.storyboard; sourceTree = "<group>"; };
		027FF9901B38EF0A0025A1F1 /* Images.xcassets */ = {isa = PBXFileReference; lastKnownFileType = folder.assetcatalog; path = Images.xcassets; sourceTree = "<group>"; };
		027FF9931B38EF0A0025A1F1 /* Base */ = {isa = PBXFileReference; lastKnownFileType = file.xib; name = Base; path = Base.lproj/LaunchScreen.xib; sourceTree = "<group>"; };
		027FF9991B38EF0A0025A1F1 /* ykeTests.xctest */ = {isa = PBXFileReference; explicitFileType = wrapper.cfbundle; includeInIndex = 0; path = ykeTests.xctest; sourceTree = BUILT_PRODUCTS_DIR; };
		027FF99E1B38EF0A0025A1F1 /* Info.plist */ = {isa = PBXFileReference; lastKnownFileType = text.plist.xml; path = Info.plist; sourceTree = "<group>"; };
		027FF99F1B38EF0A0025A1F1 /* ykeTests.m */ = {isa = PBXFileReference; lastKnownFileType = sourcecode.c.objc; path = ykeTests.m; sourceTree = "<group>"; };
/* End PBXFileReference section */

/* Begin PBXFrameworksBuildPhase section */
		027FF97D1B38EF0A0025A1F1 /* Frameworks */ = {
			isa = PBXFrameworksBuildPhase;
			buildActionMask = 2147483647;
			files = (
			);
			runOnlyForDeploymentPostprocessing = 0;
		};
		027FF9961B38EF0A0025A1F1 /* Frameworks */ = {
			isa = PBXFrameworksBuildPhase;
			buildActionMask = 2147483647;
			files = (
			);
			runOnlyForDeploymentPostprocessing = 0;
		};
/* End PBXFrameworksBuildPhase section */

/* Begin PBXGroup section */
		027FF9771B38EF0A0025A1F1 = {
			isa = PBXGroup;
			children = (
				027FF9821B38EF0A0025A1F1 /* yke */,
				027FF99C1B38EF0A0025A1F1 /* ykeTests */,
				027FF9811B38EF0A0025A1F1 /* Products */,
			);
			sourceTree = "<group>";
		};
		027FF9811B38EF0A0025A1F1 /* Products */ = {
			isa = PBXGroup;
			children = (
				027FF9801B38EF0A0025A1F1 /* yke.app */,
				027FF9991B38EF0A0025A1F1 /* ykeTests.xctest */,
			);
			name = Products;
			sourceTree = "<group>";
		};
		027FF9821B38EF0A0025A1F1 /* yke */ = {
			isa = PBXGroup;
			children = (
				027FF9871B38EF0A0025A1F1 /* AppDelegate.h */,
				027FF9881B38EF0A0025A1F1 /* AppDelegate.m */,
				027FF98A1B38EF0A0025A1F1 /* ViewController.h */,
				027FF98B1B38EF0A0025A1F1 /* ViewController.m */,
				027FF98D1B38EF0A0025A1F1 /* Main.storyboard */,
				027FF9901B38EF0A0025A1F1 /* Images.xcassets */,
				027FF9921B38EF0A0025A1F1 /* LaunchScreen.xib */,
				027FF9831B38EF0A0025A1F1 /* Supporting Files */,
			);
			path = yke;
			sourceTree = "<group>";
		};
		027FF9831B38EF0A0025A1F1 /* Supporting Files */ = {
			isa = PBXGroup;
			children = (
				027FF9841B38EF0A0025A1F1 /* Info.plist */,
				027FF9851B38EF0A0025A1F1 /* main.m */,
			);
			name = "Supporting Files";
			sourceTree = "<group>";
		};
		027FF99C1B38EF0A0025A1F1 /* ykeTests */ = {
			isa = PBXGroup;
			children = (
				027FF99F1B38EF0A0025A1F1 /* ykeTests.m */,
				027FF99D1B38EF0A0025A1F1 /* Supporting Files */,
			);
			path = ykeTests;
			sourceTree = "<group>";
		};
		027FF99D1B38EF0A0025A1F1 /* Supporting Files */ = {
			isa = PBXGroup;
			children = (
				027FF99E1B38EF0A0025A1F1 /* Info.plist */,
			);
			name = "Supporting Files";
			sourceTree = "<group>";
		};
/* End PBXGroup section */

/* Begin PBXNativeTarget section */
		027FF97F1B38EF0A0025A1F1 /* yke */ = {
			isa = PBXNativeTarget;
			buildConfigurationList = 027FF9A31B38EF0A0025A1F1 /* Build configuration list for PBXNativeTarget "yke" */;
			buildPhases = (
				027FF97C1B38EF0A0025A1F1 /* Sources */,
				027FF97D1B38EF0A0025A1F1 /* Frameworks */,
				027FF97E1B38EF0A0025A1F1 /* Resources */,
			);
			buildRules = (
			);
			dependencies = (
			);
			name = yke;
			productName = yke;
			productReference = 027FF9801B38EF0A0025A1F1 /* yke.app */;
			productType = "com.apple.product-type.application";
		};
		027FF9981B38EF0A0025A1F1 /* ykeTests */ = {
			isa = PBXNativeTarget;
			buildConfigurationList = 027FF9A61B38EF0A0025A1F1 /* Build configuration list for PBXNativeTarget "ykeTests" */;
			buildPhases = (
				027FF9951B38EF0A0025A1F1 /* Sources */,
				027FF9961B38EF0A0025A1F1 /* Frameworks */,
				027FF9971B38EF0A0025A1F1 /* Resources */,
			);
			buildRules = (
			);
			dependencies = (
				027FF99B1B38EF0A0025A1F1 /* PBXTargetDependency */,
			);
			name = ykeTests;
			productName = ykeTests;
			productReference = 027FF9991B38EF0A0025A1F1 /* ykeTests.xctest */;
			productType = "com.apple.product-type.bundle.unit-test";
		};
/* End PBXNativeTarget section */

/* Begin PBXProject section */
		027FF9781B38EF0A0025A1F1 /* Project object */ = {
			isa = PBXProject;
			attributes = {
				LastUpgradeCheck = 0600;
				ORGANIZATIONNAME = "于凯文";
				TargetAttributes = {
					027FF97F1B38EF0A0025A1F1 = {
						CreatedOnToolsVersion = 6.0.1;
					};
					027FF9981B38EF0A0025A1F1 = {
						CreatedOnToolsVersion = 6.0.1;
						TestTargetID = 027FF97F1B38EF0A0025A1F1;
					};
				};
			};
			buildConfigurationList = 027FF97B1B38EF0A0025A1F1 /* Build configuration list for PBXProject "yke" */;
			compatibilityVersion = "Xcode 3.2";
			developmentRegion = English;
			hasScannedForEncodings = 0;
			knownRegions = (
				en,
				Base,
			);
			mainGroup = 027FF9771B38EF0A0025A1F1;
			productRefGroup = 027FF9811B38EF0A0025A1F1 /* Products */;
			projectDirPath = "";
			projectRoot = "";
			targets = (
				027FF97F1B38EF0A0025A1F1 /* yke */,
				027FF9981B38EF0A0025A1F1 /* ykeTests */,
			);
		};
/* End PBXProject section */

/* Begin PBXResourcesBuildPhase section */
		027FF97E1B38EF0A0025A1F1 /* Resources */ = {
			isa = PBXResourcesBuildPhase;
			buildActionMask = 2147483647;
			files = (
				027FF98F1B38EF0A0025A1F1 /* Main.storyboard in Resources */,
				027FF9941B38EF0A0025A1F1 /* LaunchScreen.xib in Resources */,
				027FF9911B38EF0A0025A1F1 /* Images.xcassets in Resources */,
			);
			runOnlyForDeploymentPostprocessing = 0;
		};
		027FF9971B38EF0A0025A1F1 /* Resources */ = {
			isa = PBXResourcesBuildPhase;
			buildActionMask = 2147483647;
			files = (
			);
			runOnlyForDeploymentPostprocessing = 0;
		};
/* End PBXResourcesBuildPhase section */

/* Begin PBXSourcesBuildPhase section */
		027FF97C1B38EF0A0025A1F1 /* Sources */ = {
			isa = PBXSourcesBuildPhase;
			buildActionMask = 2147483647;
			files = (
				027FF98C1B38EF0A0025A1F1 /* ViewController.m in Sources */,
				027FF9891B38EF0A0025A1F1 /* AppDelegate.m in Sources */,
				027FF9861B38EF0A0025A1F1 /* main.m in Sources */,
			);
			runOnlyForDeploymentPostprocessing = 0;
		};
		027FF9951B38EF0A0025A1F1 /* Sources */ = {
			isa = PBXSourcesBuildPhase;
			buildActionMask = 2147483647;
			files = (
				027FF9A01B38EF0A0025A1F1 /* ykeTests.m in Sources */,
			);
			runOnlyForDeploymentPostprocessing = 0;
		};
/* End PBXSourcesBuildPhase section */

/* Begin PBXTargetDependency section */
		027FF99B1B38EF0A0025A1F1 /* PBXTargetDependency */ = {
			isa = PBXTargetDependency;
			target = 027FF97F1B38EF0A0025A1F1 /* yke */;
			targetProxy = 027FF99A1B38EF0A0025A1F1 /* PBXContainerItemProxy */;
		};
/* End PBXTargetDependency section */

/* Begin PBXVariantGroup section */
		027FF98D1B38EF0A0025A1F1 /* Main.storyboard */ = {
			isa = PBXVariantGroup;
			children = (
				027FF98E1B38EF0A0025A1F1 /* Base */,
			);
			name = Main.storyboard;
			sourceTree = "<group>";
		};
		027FF9921B38EF0A0025A1F1 /* LaunchScreen.xib */ = {
			isa = PBXVariantGroup;
			children = (
				027FF9931B38EF0A0025A1F1 /* Base */,
			);
			name = LaunchScreen.xib;
			sourceTree = "<group>";
		};
/* End PBXVariantGroup section */

/* Begin XCBuildConfiguration section */
		027FF9A11B38EF0A0025A1F1 /* Debug */ = {
			isa = XCBuildConfiguration;
			buildSettings = {
				ALWAYS_SEARCH_USER_PATHS = NO;
				CLANG_CXX_LANGUAGE_STANDARD = "gnu++0x";
				CLANG_CXX_LIBRARY = "libc++";
				CLANG_ENABLE_MODULES = YES;
				CLANG_ENABLE_OBJC_ARC = YES;
				CLANG_WARN_BOOL_CONVERSION = YES;
				CLANG_WARN_CONSTANT_CONVERSION = YES;
				CLANG_WARN_DIRECT_OBJC_ISA_USAGE = YES_ERROR;
				CLANG_WARN_EMPTY_BODY = YES;
				CLANG_WARN_ENUM_CONVERSION = YES;
				CLANG_WARN_INT_CONVERSION = YES;
				CLANG_WARN_OBJC_ROOT_CLASS = YES_ERROR;
				CLANG_WARN_UNREACHABLE_CODE = YES;
				CLANG_WARN__DUPLICATE_METHOD_MATCH = YES;
				"CODE_SIGN_IDENTITY[sdk=iphoneos*]" = "iPhone Developer";
				COPY_PHASE_STRIP = NO;
				ENABLE_STRICT_OBJC_MSGSEND = YES;
				GCC_C_LANGUAGE_STANDARD = gnu99;
				GCC_DYNAMIC_NO_PIC = NO;
				GCC_OPTIMIZATION_LEVEL = 0;
				GCC_PREPROCESSOR_DEFINITIONS = (
					"DEBUG=1",
					"$(inherited)",
				);
				GCC_SYMBOLS_PRIVATE_EXTERN = NO;
				GCC_WARN_64_TO_32_BIT_CONVERSION = YES;
				GCC_WARN_ABOUT_RETURN_TYPE = YES_ERROR;
				GCC_WARN_UNDECLARED_SELECTOR = YES;
				GCC_WARN_UNINITIALIZED_AUTOS = YES_AGGRESSIVE;
				GCC_WARN_UNUSED_FUNCTION = YES;
				GCC_WARN_UNUSED_VARIABLE = YES;
				IPHONEOS_DEPLOYMENT_TARGET = 8.0;
				MTL_ENABLE_DEBUG_INFO = YES;
				ONLY_ACTIVE_ARCH = YES;
				SDKROOT = iphoneos;
			};
			name = Debug;
		};
		027FF9A21B38EF0A0025A1F1 /* Release */ = {
			isa = XCBuildConfiguration;
			buildSettings = {
				ALWAYS_SEARCH_USER_PATHS = NO;
				CLANG_CXX_LANGUAGE_STANDARD = "gnu++0x";
				CLANG_CXX_LIBRARY = "libc++";
				CLANG_ENABLE_MODULES = YES;
				CLANG_ENABLE_OBJC_ARC = YES;
				CLANG_WARN_BOOL_CONVERSION = YES;
				CLANG_WARN_CONSTANT_CONVERSION = YES;
				CLANG_WARN_DIRECT_OBJC_ISA_USAGE = YES_ERROR;
				CLANG_WARN_EMPTY_BODY = YES;
				CLANG_WARN_ENUM_CONVERSION = YES;
				CLANG_WARN_INT_CONVERSION = YES;
				CLANG_WARN_OBJC_ROOT_CLASS = YES_ERROR;
				CLANG_WARN_UNREACHABLE_CODE = YES;
				CLANG_WARN__DUPLICATE_METHOD_MATCH = YES;
				"CODE_SIGN_IDENTITY[sdk=iphoneos*]" = "iPhone Developer";
				COPY_PHASE_STRIP = YES;
				ENABLE_NS_ASSERTIONS = NO;
				ENABLE_STRICT_OBJC_MSGSEND = YES;
				GCC_C_LANGUAGE_STANDARD = gnu99;
				GCC_WARN_64_TO_32_BIT_CONVERSION = YES;
				GCC_WARN_ABOUT_RETURN_TYPE = YES_ERROR;
				GCC_WARN_UNDECLARED_SELECTOR = YES;
				GCC_WARN_UNINITIALIZED_AUTOS = YES_AGGRESSIVE;
				GCC_WARN_UNUSED_FUNCTION = YES;
				GCC_WARN_UNUSED_VARIABLE = YES;
				IPHONEOS_DEPLOYMENT_TARGET = 8.0;
				MTL_ENABLE_DEBUG_INFO = NO;
				SDKROOT = iphoneos;
				VALIDATE_PRODUCT = YES;
			};
			name = Release;
		};
		027FF9A41B38EF0A0025A1F1 /* Debug */ = {
			isa = XCBuildConfiguration;
			buildSettings = {
				ASSETCATALOG_COMPILER_APPICON_NAME = AppIcon;
				INFOPLIST_FILE = yke/Info.plist;
				LD_RUNPATH_SEARCH_PATHS = "$(inherited) @executable_path/Frameworks";
				PRODUCT_NAME = "$(TARGET_NAME)";
			};
			name = Debug;
		};
		027FF9A51B38EF0A0025A1F1 /* Release */ = {
			isa = XCBuildConfiguration;
			buildSettings = {
				ASSETCATALOG_COMPILER_APPICON_NAME = AppIcon;
				INFOPLIST_FILE = yke/Info.plist;
				LD_RUNPATH_SEARCH_PATHS = "$(inherited) @executable_path/Frameworks";
				PRODUCT_NAME = "$(TARGET_NAME)";
			};
			name = Release;
		};
		027FF9A71B38EF0A0025A1F1 /* Debug */ = {
			isa = XCBuildConfiguration;
			buildSettings = {
				BUNDLE_LOADER = "$(TEST_HOST)";
				FRAMEWORK_SEARCH_PATHS = (
					"$(SDKROOT)/Developer/Library/Frameworks",
					"$(inherited)",
				);
				GCC_PREPROCESSOR_DEFINITIONS = (
					"DEBUG=1",
					"$(inherited)",
				);
				INFOPLIST_FILE = ykeTests/Info.plist;
				LD_RUNPATH_SEARCH_PATHS = "$(inherited) @executable_path/Frameworks @loader_path/Frameworks";
				PRODUCT_NAME = "$(TARGET_NAME)";
				TEST_HOST = "$(BUILT_PRODUCTS_DIR)/yke.app/yke";
			};
			name = Debug;
		};
		027FF9A81B38EF0A0025A1F1 /* Release */ = {
			isa = XCBuildConfiguration;
			buildSettings = {
				BUNDLE_LOADER = "$(TEST_HOST)";
				FRAMEWORK_SEARCH_PATHS = (
					"$(SDKROOT)/Developer/Library/Frameworks",
					"$(inherited)",
				);
				INFOPLIST_FILE = ykeTests/Info.plist;
				LD_RUNPATH_SEARCH_PATHS = "$(inherited) @executable_path/Frameworks @loader_path/Frameworks";
				PRODUCT_NAME = "$(TARGET_NAME)";
				TEST_HOST = "$(BUILT_PRODUCTS_DIR)/yke.app/yke";
			};
			name = Release;
		};
/* End XCBuildConfiguration section */

/* Begin XCConfigurationList section */
		027FF97B1B38EF0A0025A1F1 /* Build configuration list for PBXProject "yke" */ = {
			isa = XCConfigurationList;
			buildConfigurations = (
				027FF9A11B38EF0A0025A1F1 /* Debug */,
				027FF9A21B38EF0A0025A1F1 /* Release */,
			);
			defaultConfigurationIsVisible = 0;
			defaultConfigurationName = Release;
		};
		027FF9A31B38EF0A0025A1F1 /* Build configuration list for PBXNativeTarget "yke" */ = {
			isa = XCConfigurationList;
			buildConfigurations = (
				027FF9A41B38EF0A0025A1F1 /* Debug */,
				027FF9A51B38EF0A0025A1F1 /* Release */,
			);
			defaultConfigurationIsVisible = 0;
		};
		027FF9A61B38EF0A0025A1F1 /* Build configuration list for PBXNativeTarget "ykeTests" */ = {
			isa = XCConfigurationList;
			buildConfigurations = (
				027FF9A71B38EF0A0025A1F1 /* Debug */,
				027FF9A81B38EF0A0025A1F1 /* Release */,
			);
			defaultConfigurationIsVisible = 0;
		};
/* End XCConfigurationList section */
	};
	rootObject = 027FF9781B38EF0A0025A1F1 /* Project object */;
}
